# THIS IS AN AUTOGENERATED FILE. DO NOT EDIT THIS FILE DIRECTLY.
# yarn lockfile v1


"@types/estree@*":
  version "0.0.44"
  resolved "https://registry.yarnpkg.com/@types/estree/-/estree-0.0.44.tgz#980cc5a29a3ef3bea6ff1f7d021047d7ea575e21"
  integrity sha512-iaIVzr+w2ZJ5HkidlZ3EJM8VTZb2MJLCjw3V+505yVts0gRC4UMvjw0d1HPtGqI/HQC/KdsYtayfzl+AXY2R8g==

"@types/node@*":
  version "12.12.7"
  resolved "https://registry.npm.taobao.org/@types/node/download/@types/node-12.12.7.tgz?cache=0&sync_timestamp=1573254060156&other_urls=https%3A%2F%2Fregistry.npm.taobao.org%2F%40types%2Fnode%2Fdownload%2F%40types%2Fnode-12.12.7.tgz#01e4ea724d9e3bd50d90c11fd5980ba317d8fa11"
  integrity sha1-AeTqck2eO9UNkMEf1ZgLoxfY+hE=

acorn-dynamic-import@^4.0.0:
  version "4.0.0"
  resolved "https://registry.yarnpkg.com/acorn-dynamic-import/-/acorn-dynamic-import-4.0.0.tgz#482210140582a36b83c3e342e1cfebcaa9240948"
  integrity sha512-d3OEjQV4ROpoflsnUA8HozoIR504TFxNivYEUi6uwz0IYhBkTDXGuWlNdMtybRt3nqVx/L6XqMt0FxkXuWKZhw==

acorn-jsx@^5.0.1:
  version "5.2.0"
  resolved "https://registry.yarnpkg.com/acorn-jsx/-/acorn-jsx-5.2.0.tgz#4c66069173d6fdd68ed85239fc256226182b2ebe"
  integrity sha512-HiUX/+K2YpkpJ+SzBffkM/AQ2YE03S0U1kjTLVpoJdhZMOWy8qvXVN9JdLqv2QsaQ6MPYQIuNmwD8zOiYUofLQ==

acorn@^6.1.1:
  version "6.4.1"
  resolved "https://registry.yarnpkg.com/acorn/-/acorn-6.4.1.tgz#531e58ba3f51b9dacb9a6646ca4debf5b14ca474"
  integrity sha512-ZVA9k326Nwrj3Cj9jlh3wGFutC2ZornPNARZwsNYqQYgN0EsV2d53w5RN/co65Ohn4sUAUtb1rSUAOD6XN9idA==

acorn@^7.1.0:
  version "7.1.1"
  resolved "https://registry.yarnpkg.com/acorn/-/acorn-7.1.1.tgz#e35668de0b402f359de515c5482a1ab9f89a69bf"
  integrity sha512-add7dgA5ppRPxCFJoAGfMDi7PIBXq1RtGo7BhbLaxwrXPOmw8gq48Y9ozT01hUKy9byMjlR20EJhu5zlkErEkg==

ansi-styles@^3.2.1:
  version "3.2.1"
  resolved "https://registry.npm.taobao.org/ansi-styles/download/ansi-styles-3.2.1.tgz?cache=0&sync_timestamp=1573557718601&other_urls=https%3A%2F%2Fregistry.npm.taobao.org%2Fansi-styles%2Fdownload%2Fansi-styles-3.2.1.tgz#41fbb20243e50b12be0f04b8dedbf07520ce841d"
  integrity sha1-QfuyAkPlCxK+DwS43tvwdSDOhB0=
  dependencies:
    color-convert "^1.9.0"

buble@^0.19.8:
  version "0.19.8"
  resolved "https://registry.yarnpkg.com/buble/-/buble-0.19.8.tgz#d642f0081afab66dccd897d7b6360d94030b9d3d"
  integrity sha512-IoGZzrUTY5fKXVkgGHw3QeXFMUNBFv+9l8a4QJKG1JhG3nCMHTdEX1DCOg8568E2Q9qvAQIiSokv6Jsgx8p2cA==
  dependencies:
    acorn "^6.1.1"
    acorn-dynamic-import "^4.0.0"
    acorn-jsx "^5.0.1"
    chalk "^2.4.2"
    magic-string "^0.25.3"
    minimist "^1.2.0"
    os-homedir "^2.0.0"
    regexpu-core "^4.5.4"

chalk@^2.4.2:
  version "2.4.2"
  resolved "https://registry.npm.taobao.org/chalk/download/chalk-2.4.2.tgz#cd42541677a54333cf541a49108c1432b44c9424"
  integrity sha1-zUJUFnelQzPPVBpJEIwUMrRMlCQ=
  dependencies:
    ansi-styles "^3.2.1"
    escape-string-regexp "^1.0.5"
    supports-color "^5.3.0"

color-convert@^1.9.0:
  version "1.9.3"
  resolved "https://registry.npm.taobao.org/color-convert/download/color-convert-1.9.3.tgz#bb71850690e1f136567de629d2d5471deda4c1e8"
  integrity sha1-u3GFBpDh8TZWfeYp0tVHHe2kweg=
  dependencies:
    color-name "1.1.3"

color-name@1.1.3:
  version "1.1.3"
  resolved "https://registry.npm.taobao.org/color-name/download/color-name-1.1.3.tgz#a7d0558bd89c42f795dd42328f740831ca53bc25"
  integrity sha1-p9BVi9icQveV3UIyj3QIMcpTvCU=

commander@~2.9.0:
  version "2.9.0"
  resolved "https://registry.yarnpkg.com/commander/-/commander-2.9.0.tgz#9c99094176e12240cb22d6c5146098400fe0f7d4"
  integrity sha1-nJkJQXbhIkDLItbFFGCYQA/g99Q=
  dependencies:
    graceful-readlink ">= 1.0.0"

cross-env@^5.2.0:
  version "5.2.1"
  resolved "https://registry.yarnpkg.com/cross-env/-/cross-env-5.2.1.tgz#b2c76c1ca7add66dc874d11798466094f551b34d"
  integrity sha512-1yHhtcfAd1r4nwQgknowuUNfIT9E8dOMMspC36g45dN+iD1blloi7xp8X/xAIDnjHWyt1uQ8PHk2fkNaym7soQ==
  dependencies:
    cross-spawn "^6.0.5"

cross-spawn@^6.0.5:
  version "6.0.5"
  resolved "https://registry.npm.taobao.org/cross-spawn/download/cross-spawn-6.0.5.tgz#4a5ec7c64dfae22c3a14124dbacdee846d80cbc4"
  integrity sha1-Sl7Hxk364iw6FBJNus3uhG2Ay8Q=
  dependencies:
    nice-try "^1.0.4"
    path-key "^2.0.1"
    semver "^5.5.0"
    shebang-command "^1.2.0"
    which "^1.2.9"

de-indent@^1.0.2:
  version "1.0.2"
  resolved "https://registry.npm.taobao.org/de-indent/download/de-indent-1.0.2.tgz#b2038e846dc33baa5796128d0804b455b8c1e21d"
  integrity sha1-sgOOhG3DO6pXlhKNCAS0VbjB4h0=

debug@^4.1.1:
  version "4.1.1"
  resolved "https://registry.npm.taobao.org/debug/download/debug-4.1.1.tgz?cache=0&other_urls=https%3A%2F%2Fregistry.npm.taobao.org%2Fdebug%2Fdownload%2Fdebug-4.1.1.tgz#3b72260255109c6b589cee050f1d516139664791"
  integrity sha1-O3ImAlUQnGtYnO4FDx1RYTlmR5E=
  dependencies:
    ms "^2.1.1"

escape-string-regexp@^1.0.5:
  version "1.0.5"
  resolved "https://registry.npm.taobao.org/escape-string-regexp/download/escape-string-regexp-1.0.5.tgz#1b61c0562190a8dff6ae3bb2cf0200ca130b86d4"
  integrity sha1-G2HAViGQqN/2rjuyzwIAyhMLhtQ=

estree-walker@^0.6.0, estree-walker@^0.6.1:
  version "0.6.1"
  resolved "https://registry.yarnpkg.com/estree-walker/-/estree-walker-0.6.1.tgz#53049143f40c6eb918b23671d1fe3219f3a1b362"
  integrity sha512-SqmZANLWS0mnatqbSfRP5g8OXZC12Fgg1IwNtLsyHDzJizORW4khDfjPqJZsemPWBB2uqykUah5YpQ6epsqC/w==

"graceful-readlink@>= 1.0.0":
  version "1.0.1"
  resolved "https://registry.yarnpkg.com/graceful-readlink/-/graceful-readlink-1.0.1.tgz#4cafad76bc62f02fa039b2f94e9a3dd3a391a725"
  integrity sha1-TK+tdrxi8C+gObL5Tpo906ORpyU=

has-flag@^3.0.0:
  version "3.0.0"
  resolved "https://registry.npm.taobao.org/has-flag/download/has-flag-3.0.0.tgz#b5d454dc2199ae225699f3467e5a07f3b955bafd"
  integrity sha1-tdRU3CGZriJWmfNGfloH87lVuv0=

hash-sum@^2.0.0:
  version "2.0.0"
  resolved "https://registry.yarnpkg.com/hash-sum/-/hash-sum-2.0.0.tgz#81d01bb5de8ea4a214ad5d6ead1b523460b0b45a"
  integrity sha512-WdZTbAByD+pHfl/g9QSsBIIwy8IT+EsPiKDs0KNX+zSHhdDLFKdZu0BQHljvO+0QI/BasbMSUa8wYNCZTvhslg==

he@^1.1.0:
  version "1.2.0"
  resolved "https://registry.npm.taobao.org/he/download/he-1.2.0.tgz#84ae65fa7eafb165fddb61566ae14baf05664f0f"
  integrity sha1-hK5l+n6vsWX922FWauFLrwVmTw8=

isexe@^2.0.0:
  version "2.0.0"
  resolved "https://registry.npm.taobao.org/isexe/download/isexe-2.0.0.tgz#e8fbf374dc556ff8947a10dcb0572d633f2cfa10"
  integrity sha1-6PvzdNxVb/iUehDcsFctYz8s+hA=

jsesc@~0.5.0:
  version "0.5.0"
  resolved "https://registry.npm.taobao.org/jsesc/download/jsesc-0.5.0.tgz#e7dee66e35d6fc16f710fe91d5cf69f70f08911d"
  integrity sha1-597mbjXW/Bb3EP6R1c9p9w8IkR0=

magic-string@^0.25.2, magic-string@^0.25.3:
  version "0.25.7"
  resolved "https://registry.yarnpkg.com/magic-string/-/magic-string-0.25.7.tgz#3f497d6fd34c669c6798dcb821f2ef31f5445051"
  integrity sha512-4CrMT5DOHTDk4HYDlzmwu4FVCcIYI8gauveasrdCu2IKIFOJ3f0v/8MDGJCDL9oD2ppz/Av1b0Nj345H9M+XIA==
  dependencies:
    sourcemap-codec "^1.4.4"

minimist@^1.2.0:
  version "1.2.0"
  resolved "https://registry.npm.taobao.org/minimist/download/minimist-1.2.0.tgz?cache=0&other_urls=https%3A%2F%2Fregistry.npm.taobao.org%2Fminimist%2Fdownload%2Fminimist-1.2.0.tgz#a35008b20f41383eec1fb914f4cd5df79a264284"
  integrity sha1-o1AIsg9BOD7sH7kU9M1d95omQoQ=

ms@^2.1.1:
  version "2.1.2"
  resolved "https://registry.npm.taobao.org/ms/download/ms-2.1.2.tgz#d09d1f357b443f493382a8eb3ccd183872ae6009"
  integrity sha1-0J0fNXtEP0kzgqjrPM0YOHKuYAk=

nice-try@^1.0.4:
  version "1.0.5"
  resolved "https://registry.npm.taobao.org/nice-try/download/nice-try-1.0.5.tgz#a3378a7696ce7d223e88fc9b764bd7ef1089e366"
  integrity sha1-ozeKdpbOfSI+iPybdkvX7xCJ42Y=

os-homedir@^2.0.0:
  version "2.0.0"
  resolved "https://registry.yarnpkg.com/os-homedir/-/os-homedir-2.0.0.tgz#a0c76bb001a8392a503cbd46e7e650b3423a923c"
  integrity sha512-saRNz0DSC5C/I++gFIaJTXoFJMRwiP5zHar5vV3xQ2TkgEw6hDCcU5F272JjUylpiVgBrZNQHnfjkLabTfb92Q==

path-key@^2.0.1:
  version "2.0.1"
  resolved "https://registry.npm.taobao.org/path-key/download/path-key-2.0.1.tgz#411cadb574c5a140d3a4b1910d40d80cc9f40b40"
  integrity sha1-QRyttXTFoUDTpLGRDUDYDMn0C0A=

path-parse@^1.0.6:
  version "1.0.6"
  resolved "https://registry.npm.taobao.org/path-parse/download/path-parse-1.0.6.tgz#d62dbb5679405d72c4737ec58600e9ddcf06d24c"
  integrity sha1-1i27VnlAXXLEc37FhgDp3c8G0kw=

regenerate-unicode-properties@^8.2.0:
  version "8.2.0"
  resolved "https://registry.yarnpkg.com/regenerate-unicode-properties/-/regenerate-unicode-properties-8.2.0.tgz#e5de7111d655e7ba60c057dbe9ff37c87e65cdec"
  integrity sha512-F9DjY1vKLo/tPePDycuH3dn9H1OTPIkVD9Kz4LODu+F2C75mgjAJ7x/gwy6ZcSNRAAkhNlJSOHRe8k3p+K9WhA==
  dependencies:
    regenerate "^1.4.0"

regenerate@^1.4.0:
  version "1.4.0"
  resolved "https://registry.npm.taobao.org/regenerate/download/regenerate-1.4.0.tgz#4a856ec4b56e4077c557589cae85e7a4c8869a11"
  integrity sha1-SoVuxLVuQHfFV1icroXnpMiGmhE=

regexpu-core@^4.5.4:
  version "4.7.0"
  resolved "https://registry.yarnpkg.com/regexpu-core/-/regexpu-core-4.7.0.tgz#fcbf458c50431b0bb7b45d6967b8192d91f3d938"
  integrity sha512-TQ4KXRnIn6tz6tjnrXEkD/sshygKH/j5KzK86X8MkeHyZ8qst/LZ89j3X4/8HEIfHANTFIP/AbXakeRhWIl5YQ==
  dependencies:
    regenerate "^1.4.0"
    regenerate-unicode-properties "^8.2.0"
    regjsgen "^0.5.1"
    regjsparser "^0.6.4"
    unicode-match-property-ecmascript "^1.0.4"
    unicode-match-property-value-ecmascript "^1.2.0"

regjsgen@^0.5.1:
  version "0.5.1"
  resolved "https://registry.yarnpkg.com/regjsgen/-/regjsgen-0.5.1.tgz#48f0bf1a5ea205196929c0d9798b42d1ed98443c"
  integrity sha512-5qxzGZjDs9w4tzT3TPhCJqWdCc3RLYwy9J2NB0nm5Lz+S273lvWcpjaTGHsT1dc6Hhfq41uSEOw8wBmxrKOuyg==

regjsparser@^0.6.4:
  version "0.6.4"
  resolved "https://registry.yarnpkg.com/regjsparser/-/regjsparser-0.6.4.tgz#a769f8684308401a66e9b529d2436ff4d0666272"
  integrity sha512-64O87/dPDgfk8/RQqC4gkZoGyyWFIEUTTh80CU6CWuK5vkCGyekIx+oKcEIYtP/RAxSQltCZHCNu/mdd7fqlJw==
  dependencies:
    jsesc "~0.5.0"

resolve@^1.10.0:
  version "1.12.0"
  resolved "https://registry.npm.taobao.org/resolve/download/resolve-1.12.0.tgz?cache=0&sync_timestamp=1564641467397&other_urls=https%3A%2F%2Fregistry.npm.taobao.org%2Fresolve%2Fdownload%2Fresolve-1.12.0.tgz#3fc644a35c84a48554609ff26ec52b66fa577df6"
  integrity sha1-P8ZEo1yEpIVUYJ/ybsUrZvpXffY=
  dependencies:
    path-parse "^1.0.6"

rollup-plugin-buble@^0.19.6:
  version "0.19.8"
  resolved "https://registry.yarnpkg.com/rollup-plugin-buble/-/rollup-plugin-buble-0.19.8.tgz#f9232e2bb62a7573d04f9705c1bd6f02c2a02c6a"
  integrity sha512-8J4zPk2DQdk3rxeZvxgzhHh/rm5nJkjwgcsUYisCQg1QbT5yagW+hehYEW7ZNns/NVbDCTv4JQ7h4fC8qKGOKw==
  dependencies:
    buble "^0.19.8"
    rollup-pluginutils "^2.3.3"

rollup-plugin-commonjs@^9.3.4:
  version "9.3.4"
  resolved "https://registry.yarnpkg.com/rollup-plugin-commonjs/-/rollup-plugin-commonjs-9.3.4.tgz#2b3dddbbbded83d45c36ff101cdd29e924fd23bc"
  integrity sha512-DTZOvRoiVIHHLFBCL4pFxOaJt8pagxsVldEXBOn6wl3/V21wVaj17HFfyzTsQUuou3sZL3lEJZVWKPFblJfI6w==
  dependencies:
    estree-walker "^0.6.0"
    magic-string "^0.25.2"
    resolve "^1.10.0"
    rollup-pluginutils "^2.6.0"

rollup-plugin-replace@^2.2.0:
  version "2.2.0"
  resolved "https://registry.yarnpkg.com/rollup-plugin-replace/-/rollup-plugin-replace-2.2.0.tgz#f41ae5372e11e7a217cde349c8b5d5fd115e70e3"
  integrity sha512-/5bxtUPkDHyBJAKketb4NfaeZjL5yLZdeUihSfbF2PQMz+rSTEb8ARKoOl3UBT4m7/X+QOXJo3sLTcq+yMMYTA==
  dependencies:
    magic-string "^0.25.2"
    rollup-pluginutils "^2.6.0"

rollup-plugin-uglify-es@0.0.1:
  version "0.0.1"
  resolved "https://registry.yarnpkg.com/rollup-plugin-uglify-es/-/rollup-plugin-uglify-es-0.0.1.tgz#e45644f2b685a59abdb9363407207a03a7b5a9b7"
  integrity sha1-5FZE8raFpZq9uTY0ByB6A6e1qbc=
  dependencies:
    uglify-es "3.0.3"

rollup-plugin-vue@^6.0.0:
  version "6.0.0"
  resolved "https://registry.yarnpkg.com/rollup-plugin-vue/-/rollup-plugin-vue-6.0.0.tgz#e379e93e5ae9a8648522f698be2e452e8672aaf2"
  integrity sha512-oVvUd84d5u73M2HYM3XsMDLtZRIA/tw2U0dmHlXU2UWP5JARYHzh/U9vcxaN/x/9MrepY7VH3pHFeOhrWpxs/Q==
  dependencies:
    debug "^4.1.1"
    hash-sum "^2.0.0"
    rollup-pluginutils "^2.8.2"

rollup-pluginutils@^2.3.3, rollup-pluginutils@^2.6.0, rollup-pluginutils@^2.8.2:
  version "2.8.2"
  resolved "https://registry.yarnpkg.com/rollup-pluginutils/-/rollup-pluginutils-2.8.2.tgz#72f2af0748b592364dbd3389e600e5a9444a351e"
  integrity sha512-EEp9NhnUkwY8aif6bxgovPHMoMoNr2FulJziTndpt5H9RdwC47GSGuII9XxpSdzVGM0GWrNPHV6ie1LTNJPaLQ==
  dependencies:
    estree-walker "^0.6.1"

rollup@^1.14.4:
  version "1.32.1"
  resolved "https://registry.yarnpkg.com/rollup/-/rollup-1.32.1.tgz#4480e52d9d9e2ae4b46ba0d9ddeaf3163940f9c4"
  integrity sha512-/2HA0Ec70TvQnXdzynFffkjA6XN+1e2pEv/uKS5Ulca40g2L7KuOE3riasHoNVHOsFD5KKZgDsMk1CP3Tw9s+A==
  dependencies:
    "@types/estree" "*"
    "@types/node" "*"
    acorn "^7.1.0"

semver@^5.5.0:
  version "5.7.1"
  resolved "https://registry.npm.taobao.org/semver/download/semver-5.7.1.tgz#a954f931aeba508d307bbf069eff0c01c96116f7"
  integrity sha1-qVT5Ma66UI0we78Gnv8MAclhFvc=

shebang-command@^1.2.0:
  version "1.2.0"
  resolved "https://registry.npm.taobao.org/shebang-command/download/shebang-command-1.2.0.tgz?cache=0&other_urls=https%3A%2F%2Fregistry.npm.taobao.org%2Fshebang-command%2Fdownload%2Fshebang-command-1.2.0.tgz#44aac65b695b03398968c39f363fee5deafdf1ea"
  integrity sha1-RKrGW2lbAzmJaMOfNj/uXer98eo=
  dependencies:
    shebang-regex "^1.0.0"

shebang-regex@^1.0.0:
  version "1.0.0"
  resolved "https://registry.npm.taobao.org/shebang-regex/download/shebang-regex-1.0.0.tgz#da42f49740c0b42db2ca9728571cb190c98efea3"
  integrity sha1-2kL0l0DAtC2yypcoVxyxkMmO/qM=

source-map@~0.5.1:
  version "0.5.7"
  resolved "https://registry.yarnpkg.com/source-map/-/source-map-0.5.7.tgz#8a039d2d1021d22d1ea14c80d8ea468ba2ef3fcc"
  integrity sha1-igOdLRAh0i0eoUyA2OpGi6LvP8w=

sourcemap-codec@^1.4.4:
  version "1.4.8"
  resolved "https://registry.yarnpkg.com/sourcemap-codec/-/sourcemap-codec-1.4.8.tgz#ea804bd94857402e6992d05a38ef1ae35a9ab4c4"
  integrity sha512-9NykojV5Uih4lgo5So5dtw+f0JgJX30KCNI8gwhz2J9A15wD0Ml6tjHKwf6fTSa6fAdVBdZeNOs9eJ71qCk8vA==

supports-color@^5.3.0:
  version "5.5.0"
  resolved "https://registry.npm.taobao.org/supports-color/download/supports-color-5.5.0.tgz?cache=0&sync_timestamp=1569557363805&other_urls=https%3A%2F%2Fregistry.npm.taobao.org%2Fsupports-color%2Fdownload%2Fsupports-color-5.5.0.tgz#e2e69a44ac8772f78a1ec0b35b689df6530efc8f"
  integrity sha1-4uaaRKyHcveKHsCzW2id9lMO/I8=
  dependencies:
    has-flag "^3.0.0"

uglify-es@3.0.3:
  version "3.0.3"
  resolved "https://registry.yarnpkg.com/uglify-es/-/uglify-es-3.0.3.tgz#63cc84aa9468b34973a4887787c64c01a8a87576"
  integrity sha1-Y8yEqpRos0lzpIh3h8ZMAaiodXY=
  dependencies:
    commander "~2.9.0"
    source-map "~0.5.1"
  optionalDependencies:
    uglify-to-browserify "~1.0.0"

uglify-to-browserify@~1.0.0:
  version "1.0.2"
  resolved "https://registry.yarnpkg.com/uglify-to-browserify/-/uglify-to-browserify-1.0.2.tgz#6e0924d6bda6b5afe349e39a6d632850a0f882b7"
  integrity sha1-bgkk1r2mta/jSeOabWMoUKD4grc=

unicode-canonical-property-names-ecmascript@^1.0.4:
  version "1.0.4"
  resolved "https://registry.npm.taobao.org/unicode-canonical-property-names-ecmascript/download/unicode-canonical-property-names-ecmascript-1.0.4.tgz#2619800c4c825800efdd8343af7dd9933cbe2818"
  integrity sha1-JhmADEyCWADv3YNDr33Zkzy+KBg=

unicode-match-property-ecmascript@^1.0.4:
  version "1.0.4"
  resolved "https://registry.npm.taobao.org/unicode-match-property-ecmascript/download/unicode-match-property-ecmascript-1.0.4.tgz#8ed2a32569961bce9227d09cd3ffbb8fed5f020c"
  integrity sha1-jtKjJWmWG86SJ9Cc0/+7j+1fAgw=
  dependencies:
    unicode-canonical-property-names-ecmascript "^1.0.4"
    unicode-property-aliases-ecmascript "^1.0.4"

unicode-match-property-value-ecmascript@^1.2.0:
  version "1.2.0"
  resolved "https://registry.yarnpkg.com/unicode-match-property-value-ecmascript/-/unicode-match-property-value-ecmascript-1.2.0.tgz#0d91f600eeeb3096aa962b1d6fc88876e64ea531"
  integrity sha512-wjuQHGQVofmSJv1uVISKLE5zO2rNGzM/KCYZch/QQvez7C1hUhBIuZ701fYXExuufJFMPhv2SyL8CyoIfMLbIQ==

unicode-property-aliases-ecmascript@^1.0.4:
  version "1.0.5"
  resolved "https://registry.npm.taobao.org/unicode-property-aliases-ecmascript/download/unicode-property-aliases-ecmascript-1.0.5.tgz#a9cc6cc7ce63a0a3023fc99e341b94431d405a57"
  integrity sha1-qcxsx85joKMCP8meNBuUQx1AWlc=

vue-template-compiler@^2.6.10:
  version "2.6.10"
  resolved "https://registry.npm.taobao.org/vue-template-compiler/download/vue-template-compiler-2.6.10.tgz#323b4f3495f04faa3503337a82f5d6507799c9cc"
  integrity sha1-MjtPNJXwT6o1AzN6gvXWUHeZycw=
  dependencies:
    de-indent "^1.0.2"
    he "^1.1.0"

vue@^2.6.10:
  version "2.6.10"
  resolved "https://registry.npm.taobao.org/vue/download/vue-2.6.10.tgz#a72b1a42a4d82a721ea438d1b6bf55e66195c637"
  integrity sha1-pysaQqTYKnIepDjRtr9V5mGVxjc=

which@^1.2.9:
  version "1.3.1"
  resolved "https://registry.npm.taobao.org/which/download/which-1.3.1.tgz#a45043d54f5805316da8d62f9f50918d3da70b0a"
  integrity sha1-pFBD1U9YBTFtqNYvn1CRjT2nCwo=
  dependencies:
    isexe "^2.0.0"
